
Microsoft Visual Studio Solution File, Format Version 12.00
# Visual Studio Version 18
VisualStudioVersion = 18.7.11911.148 stable
MinimumVisualStudioVersion = 10.0.40219.1
Project("{FAE04EC0-301F-11D3-BF4B-00C04F79EFBC}") = "IMV", "IMV.csproj", "{C6E3FEBF-874D-4E5A-AC76-5984FBB6AFDF}"
EndProject
Project("{FAE04EC0-301F-11D3-BF4B-00C04F79EFBC}") = "RadianTools.UI.WPF", "..\RadianTools.UI.WPF\src\RadianTools.UI.WPF\RadianTools.UI.WPF.csproj", "{4AB4B30B-7DAF-790F-8785-200010EAD81F}"
EndProject
Project("{FAE04EC0-301F-11D3-BF4B-00C04F79EFBC}") = "RadianTools.Interop.Windows", "..\RadianTools.Interop.Windows\src\RadianTools.Interop.Windows\RadianTools.Interop.Windows.csproj", "{F9999F91-2EB3-B009-C0A9-3FE9344AE375}"
EndProject
Global
	GlobalSection(SolutionConfigurationPlatforms) = preSolution
		Debug|Any CPU = Debug|Any CPU
		Release|Any CPU = Release|Any CPU
	EndGlobalSection
	GlobalSection(ProjectConfigurationPlatforms) = postSolution
		{C6E3FEBF-874D-4E5A-AC76-5984FBB6AFDF}.Debug|Any CPU.ActiveCfg = Debug|Any CPU
		{C6E3FEBF-874D-4E5A-AC76-5984FBB6AFDF}.Debug|Any CPU.Build.0 = Debug|Any CPU
		{C6E3FEBF-874D-4E5A-AC76-5984FBB6AFDF}.Release|Any CPU.ActiveCfg = Release|Any CPU
		{C6E3FEBF-874D-4E5A-AC76-5984FBB6AFDF}.Release|Any CPU.Build.0 = Release|Any CPU
		{4AB4B30B-7DAF-790F-8785-200010EAD81F}.Debug|Any CPU.ActiveCfg = Debug|Any CPU
		{4AB4B30B-7DAF-790F-8785-200010EAD81F}.Debug|Any CPU.Build.0 = Debug|Any CPU
		{4AB4B30B-7DAF-790F-8785-200010EAD81F}.Release|Any CPU.ActiveCfg = Release|Any CPU
		{4AB4B30B-7DAF-790F-8785-200010EAD81F}.Release|Any CPU.Build.0 = Release|Any CPU
		{F9999F91-2EB3-B009-C0A9-3FE9344AE375}.Debug|Any CPU.ActiveCfg = Debug|Any CPU
		{F9999F91-2EB3-B009-C0A9-3FE9344AE375}.Debug|Any CPU.Build.0 = Debug|Any CPU
		{F9999F91-2EB3-B009-C0A9-3FE9344AE375}.Release|Any CPU.ActiveCfg = Release|Any CPU
		{F9999F91-2EB3-B009-C0A9-3FE9344AE375}.Release|Any CPU.Build.0 = Release|Any CPU
	EndGlobalSection
	GlobalSection(SolutionProperties) = preSolution
		HideSolutionNode = FALSE
	EndGlobalSection
	GlobalSection(ExtensibilityGlobals) = postSolution
		SolutionGuid = {DCEF4D2F-E60F-42DA-8B56-48178E7DC5A2}
	EndGlobalSection
EndGlobal
