<Solution>
  <Configurations>
    <Platform Name="Any CPU" />
    <Platform Name="x64" />
  </Configurations>
  <Project Path="../RadianTools/src/UI.WPF/RadianTools.UI.WPF.csproj">
    <Platform Solution="*|x64" Project="x64" />
  </Project>
  <Project Path="IMV.csproj">
    <Platform Solution="*|x64" Project="x64" />
  </Project>
</Solution>
